
Microsoft Visual Studio Solution File, Format Version 12.00
# Visual Studio Version 17
VisualStudioVersion = 17.6.33417.168
MinimumVisualStudioVersion = 10.0.40219.1
Project("{FAE04EC0-301F-11D3-BF4B-00C04F79EFBC}") = "Cafe.Api", "Cafe.Api\Cafe.Api.csproj", "{1BEF3598-4AD1-443D-A1F8-74DAE361F5C4}"
EndProject
Project("{FAE04EC0-301F-11D3-BF4B-00C04F79EFBC}") = "Cafe.Entities", "Cafe.Entities\Cafe.Entities.csproj", "{49DEA4D9-CF15-480B-815C-4BFFFB09DFB8}"
EndProject
Project("{FAE04EC0-301F-11D3-BF4B-00C04F79EFBC}") = "Cafe.Services", "Cafe.Services\Cafe.Services.csproj", "{0CE505D8-D2B7-4381-994B-934CDA1603AA}"
EndProject
Project("{FAE04EC0-301F-11D3-BF4B-00C04F79EFBC}") = "Cafe.Infrastructure", "Cafe.Infrastructure\Cafe.Infrastructure.csproj", "{5E4E70F8-902C-4C36-BA9B-2DBE771717EE}"
EndProject
Global
	GlobalSection(SolutionConfigurationPlatforms) = preSolution
		Debug|Any CPU = Debug|Any CPU
		Release|Any CPU = Release|Any CPU
	EndGlobalSection
	GlobalSection(ProjectConfigurationPlatforms) = postSolution
		{1BEF3598-4AD1-443D-A1F8-74DAE361F5C4}.Debug|Any CPU.ActiveCfg = Debug|Any CPU
		{1BEF3598-4AD1-443D-A1F8-74DAE361F5C4}.Debug|Any CPU.Build.0 = Debug|Any CPU
		{1BEF3598-4AD1-443D-A1F8-74DAE361F5C4}.Release|Any CPU.ActiveCfg = Release|Any CPU
		{1BEF3598-4AD1-443D-A1F8-74DAE361F5C4}.Release|Any CPU.Build.0 = Release|Any CPU
		{49DEA4D9-CF15-480B-815C-4BFFFB09DFB8}.Debug|Any CPU.ActiveCfg = Debug|Any CPU
		{49DEA4D9-CF15-480B-815C-4BFFFB09DFB8}.Debug|Any CPU.Build.0 = Debug|Any CPU
		{49DEA4D9-CF15-480B-815C-4BFFFB09DFB8}.Release|Any CPU.ActiveCfg = Release|Any CPU
		{49DEA4D9-CF15-480B-815C-4BFFFB09DFB8}.Release|Any CPU.Build.0 = Release|Any CPU
		{0CE505D8-D2B7-4381-994B-934CDA1603AA}.Debug|Any CPU.ActiveCfg = Debug|Any CPU
		{0CE505D8-D2B7-4381-994B-934CDA1603AA}.Debug|Any CPU.Build.0 = Debug|Any CPU
		{0CE505D8-D2B7-4381-994B-934CDA1603AA}.Release|Any CPU.ActiveCfg = Release|Any CPU
		{0CE505D8-D2B7-4381-994B-934CDA1603AA}.Release|Any CPU.Build.0 = Release|Any CPU
		{5E4E70F8-902C-4C36-BA9B-2DBE771717EE}.Debug|Any CPU.ActiveCfg = Debug|Any CPU
		{5E4E70F8-902C-4C36-BA9B-2DBE771717EE}.Debug|Any CPU.Build.0 = Debug|Any CPU
		{5E4E70F8-902C-4C36-BA9B-2DBE771717EE}.Release|Any CPU.ActiveCfg = Release|Any CPU
		{5E4E70F8-902C-4C36-BA9B-2DBE771717EE}.Release|Any CPU.Build.0 = Release|Any CPU
	EndGlobalSection
	GlobalSection(SolutionProperties) = preSolution
		HideSolutionNode = FALSE
	EndGlobalSection
	GlobalSection(ExtensibilityGlobals) = postSolution
		SolutionGuid = {64B81A6F-66C3-49AC-8DC6-00252552E80C}
	EndGlobalSection
EndGlobal
